
Microsoft Visual Studio Solution File, Format Version 12.00
# Visual Studio Version 17
VisualStudioVersion = 17.8.34330.188
MinimumVisualStudioVersion = 10.0.40219.1
Project("{FAE04EC0-301F-11D3-BF4B-00C04F79EFBC}") = "ChallengeApp", "ChallengeApp\ChallengeApp.csproj", "{A1255FBD-BC65-4EA1-A72D-096FFAC0FE71}"
EndProject
Global
	GlobalSection(SolutionConfigurationPlatforms) = preSolution
		Debug|Any CPU = Debug|Any CPU
		Release|Any CPU = Release|Any CPU
	EndGlobalSection
	GlobalSection(ProjectConfigurationPlatforms) = postSolution
		{A1255FBD-BC65-4EA1-A72D-096FFAC0FE71}.Debug|Any CPU.ActiveCfg = Debug|Any CPU
		{A1255FBD-BC65-4EA1-A72D-096FFAC0FE71}.Debug|Any CPU.Build.0 = Debug|Any CPU
		{A1255FBD-BC65-4EA1-A72D-096FFAC0FE71}.Release|Any CPU.ActiveCfg = Release|Any CPU
		{A1255FBD-BC65-4EA1-A72D-096FFAC0FE71}.Release|Any CPU.Build.0 = Release|Any CPU
	EndGlobalSection
	GlobalSection(SolutionProperties) = preSolution
		HideSolutionNode = FALSE
	EndGlobalSection
	GlobalSection(ExtensibilityGlobals) = postSolution
		SolutionGuid = {423F1D25-70D2-4F85-A40F-8329124D575B}
	EndGlobalSection
EndGlobal
